// !$*UTF8*$!
{
	archiveVersion = 1;
	classes = {
	};
	objectVersion = 55;
	objects = {

/* Begin PBXBuildFile section */
		D20A87742AEA4961006DCE8F /* Launch Screen.storyboard in Resources */ = {isa = PBXBuildFile; fileRef = D20A87732AEA4961006DCE8F /* Launch Screen.storyboard */; };
		D20A87762AEA4A8A006DCE8F /* AuthView.swift in Sources */ = {isa = PBXBuildFile; fileRef = D20A87752AEA4A8A006DCE8F /* AuthView.swift */; };
		D20A87782AEC4741006DCE8F /* Sign_UpView.swift in Sources */ = {isa = PBXBuildFile; fileRef = D20A87772AEC4741006DCE8F /* Sign_UpView.swift */; };
		D21BB0102AE7A9DD00351B2E /* GithubAppApp.swift in Sources */ = {isa = PBXBuildFile; fileRef = D21BB00F2AE7A9DD00351B2E /* GithubAppApp.swift */; };
		D21BB0122AE7A9DD00351B2E /* ContentView.swift in Sources */ = {isa = PBXBuildFile; fileRef = D21BB0112AE7A9DD00351B2E /* ContentView.swift */; };
		D21BB0142AE7A9DE00351B2E /* Assets.xcassets in Resources */ = {isa = PBXBuildFile; fileRef = D21BB0132AE7A9DE00351B2E /* Assets.xcassets */; };
		D21BB0172AE7A9DE00351B2E /* Preview Assets.xcassets in Resources */ = {isa = PBXBuildFile; fileRef = D21BB0162AE7A9DE00351B2E /* Preview Assets.xcassets */; };
		D21BB01F2AE7D36F00351B2E /* Home_View.swift in Sources */ = {isa = PBXBuildFile; fileRef = D21BB01E2AE7D36F00351B2E /* Home_View.swift */; };
		D21BB0212AE86D3800351B2E /* MyList.swift in Sources */ = {isa = PBXBuildFile; fileRef = D21BB0202AE86D3800351B2E /* MyList.swift */; };
		D21BB0272AE87CE600351B2E /* Explore_View.swift in Sources */ = {isa = PBXBuildFile; fileRef = D21BB0262AE87CE600351B2E /* Explore_View.swift */; };
		D21BB02B2AE88DCC00351B2E /* Tab_View.swift in Sources */ = {isa = PBXBuildFile; fileRef = D21BB02A2AE88DCC00351B2E /* Tab_View.swift */; };
		D28A68772AE900F0007E603C /* ProfileView.swift in Sources */ = {isa = PBXBuildFile; fileRef = D28A68762AE900F0007E603C /* ProfileView.swift */; };
/* End PBXBuildFile section */

/* Begin PBXFileReference section */
		D20A87732AEA4961006DCE8F /* Launch Screen.storyboard */ = {isa = PBXFileReference; lastKnownFileType = file.storyboard; path = "Launch Screen.storyboard"; sourceTree = "<group>"; };
		D20A87752AEA4A8A006DCE8F /* AuthView.swift */ = {isa = PBXFileReference; lastKnownFileType = sourcecode.swift; path = AuthView.swift; sourceTree = "<group>"; };
		D20A87772AEC4741006DCE8F /* Sign_UpView.swift */ = {isa = PBXFileReference; lastKnownFileType = sourcecode.swift; path = Sign_UpView.swift; sourceTree = "<group>"; };
		D21BB00C2AE7A9DD00351B2E /* GithubApp.app */ = {isa = PBXFileReference; explicitFileType = wrapper.application; includeInIndex = 0; path = GithubApp.app; sourceTree = BUILT_PRODUCTS_DIR; };
		D21BB00F2AE7A9DD00351B2E /* GithubAppApp.swift */ = {isa = PBXFileReference; lastKnownFileType = sourcecode.swift; path = GithubAppApp.swift; sourceTree = "<group>"; };
		D21BB0112AE7A9DD00351B2E /* ContentView.swift */ = {isa = PBXFileReference; lastKnownFileType = sourcecode.swift; path = ContentView.swift; sourceTree = "<group>"; };
		D21BB0132AE7A9DE00351B2E /* Assets.xcassets */ = {isa = PBXFileReference; lastKnownFileType = folder.assetcatalog; path = Assets.xcassets; sourceTree = "<group>"; };
		D21BB0162AE7A9DE00351B2E /* Preview Assets.xcassets */ = {isa = PBXFileReference; lastKnownFileType = folder.assetcatalog; path = "Preview Assets.xcassets"; sourceTree = "<group>"; };
		D21BB01E2AE7D36F00351B2E /* Home_View.swift */ = {isa = PBXFileReference; lastKnownFileType = sourcecode.swift; path = Home_View.swift; sourceTree = "<group>"; };
		D21BB0202AE86D3800351B2E /* MyList.swift */ = {isa = PBXFileReference; lastKnownFileType = sourcecode.swift; path = MyList.swift; sourceTree = "<group>"; };
		D21BB0262AE87CE600351B2E /* Explore_View.swift */ = {isa = PBXFileReference; lastKnownFileType = sourcecode.swift; path = Explore_View.swift; sourceTree = "<group>"; };
		D21BB02A2AE88DCC00351B2E /* Tab_View.swift */ = {isa = PBXFileReference; lastKnownFileType = sourcecode.swift; path = Tab_View.swift; sourceTree = "<group>"; };
		D28A68762AE900F0007E603C /* ProfileView.swift */ = {isa = PBXFileReference; lastKnownFileType = sourcecode.swift; path = ProfileView.swift; sourceTree = "<group>"; };
/* End PBXFileReference section */

/* Begin PBXFrameworksBuildPhase section */
		D21BB0092AE7A9DD00351B2E /* Frameworks */ = {
			isa = PBXFrameworksBuildPhase;
			buildActionMask = 2147483647;
			files = (
			);
			runOnlyForDeploymentPostprocessing = 0;
		};
/* End PBXFrameworksBuildPhase section */

/* Begin PBXGroup section */
		D21BB0032AE7A9DD00351B2E = {
			isa = PBXGroup;
			children = (
				D21BB00E2AE7A9DD00351B2E /* GithubApp */,
				D21BB00D2AE7A9DD00351B2E /* Products */,
			);
			sourceTree = "<group>";
		};
		D21BB00D2AE7A9DD00351B2E /* Products */ = {
			isa = PBXGroup;
			children = (
				D21BB00C2AE7A9DD00351B2E /* GithubApp.app */,
			);
			name = Products;
			sourceTree = "<group>";
		};
		D21BB00E2AE7A9DD00351B2E /* GithubApp */ = {
			isa = PBXGroup;
			children = (
				D21BB00F2AE7A9DD00351B2E /* GithubAppApp.swift */,
				D21BB01D2AE7D2C000351B2E /* Views */,
				D21BB0112AE7A9DD00351B2E /* ContentView.swift */,
				D21BB0132AE7A9DE00351B2E /* Assets.xcassets */,
				D21BB0152AE7A9DE00351B2E /* Preview Content */,
			);
			path = GithubApp;
			sourceTree = "<group>";
		};
		D21BB0152AE7A9DE00351B2E /* Preview Content */ = {
			isa = PBXGroup;
			children = (
				D21BB0162AE7A9DE00351B2E /* Preview Assets.xcassets */,
			);
			path = "Preview Content";
			sourceTree = "<group>";
		};
		D21BB01D2AE7D2C000351B2E /* Views */ = {
			isa = PBXGroup;
			children = (
				D21BB02A2AE88DCC00351B2E /* Tab_View.swift */,
				D21BB01E2AE7D36F00351B2E /* Home_View.swift */,
				D21BB0202AE86D3800351B2E /* MyList.swift */,
				D21BB0262AE87CE600351B2E /* Explore_View.swift */,
				D28A68762AE900F0007E603C /* ProfileView.swift */,
				D20A87732AEA4961006DCE8F /* Launch Screen.storyboard */,
				D20A87752AEA4A8A006DCE8F /* AuthView.swift */,
				D20A87772AEC4741006DCE8F /* Sign_UpView.swift */,
			);
			path = Views;
			sourceTree = "<group>";
		};
/* End PBXGroup section */

/* Begin PBXNativeTarget section */
		D21BB00B2AE7A9DD00351B2E /* GithubApp */ = {
			isa = PBXNativeTarget;
			buildConfigurationList = D21BB01A2AE7A9DE00351B2E /* Build configuration list for PBXNativeTarget "GithubApp" */;
			buildPhases = (
				D21BB0082AE7A9DD00351B2E /* Sources */,
				D21BB0092AE7A9DD00351B2E /* Frameworks */,
				D21BB00A2AE7A9DD00351B2E /* Resources */,
			);
			buildRules = (
			);
			dependencies = (
			);
			name = GithubApp;
			productName = GithubApp;
			productReference = D21BB00C2AE7A9DD00351B2E /* GithubApp.app */;
			productType = "com.apple.product-type.application";
		};
/* End PBXNativeTarget section */

/* Begin PBXProject section */
		D21BB0042AE7A9DD00351B2E /* Project object */ = {
			isa = PBXProject;
			attributes = {
				BuildIndependentTargetsInParallel = 1;
				LastSwiftUpdateCheck = 1500;
				LastUpgradeCheck = 1500;
				TargetAttributes = {
					D21BB00B2AE7A9DD00351B2E = {
						CreatedOnToolsVersion = 15.0.1;
					};
				};
			};
			buildConfigurationList = D21BB0072AE7A9DD00351B2E /* Build configuration list for PBXProject "GithubApp" */;
			compatibilityVersion = "Xcode 13.0";
			developmentRegion = en;
			hasScannedForEncodings = 0;
			knownRegions = (
				en,
				Base,
			);
			mainGroup = D21BB0032AE7A9DD00351B2E;
			productRefGroup = D21BB00D2AE7A9DD00351B2E /* Products */;
			projectDirPath = "";
			projectRoot = "";
			targets = (
				D21BB00B2AE7A9DD00351B2E /* GithubApp */,
			);
		};
/* End PBXProject section */

/* Begin PBXResourcesBuildPhase section */
		D21BB00A2AE7A9DD00351B2E /* Resources */ = {
			isa = PBXResourcesBuildPhase;
			buildActionMask = 2147483647;
			files = (
				D20A87742AEA4961006DCE8F /* Launch Screen.storyboard in Resources */,
				D21BB0172AE7A9DE00351B2E /* Preview Assets.xcassets in Resources */,
				D21BB0142AE7A9DE00351B2E /* Assets.xcassets in Resources */,
			);
			runOnlyForDeploymentPostprocessing = 0;
		};
/* End PBXResourcesBuildPhase section */

/* Begin PBXSourcesBuildPhase section */
		D21BB0082AE7A9DD00351B2E /* Sources */ = {
			isa = PBXSourcesBuildPhase;
			buildActionMask = 2147483647;
			files = (
				D21BB0122AE7A9DD00351B2E /* ContentView.swift in Sources */,
				D21BB0212AE86D3800351B2E /* MyList.swift in Sources */,
				D21BB0272AE87CE600351B2E /* Explore_View.swift in Sources */,
				D21BB01F2AE7D36F00351B2E /* Home_View.swift in Sources */,
				D20A87782AEC4741006DCE8F /* Sign_UpView.swift in Sources */,
				D21BB02B2AE88DCC00351B2E /* Tab_View.swift in Sources */,
				D28A68772AE900F0007E603C /* ProfileView.swift in Sources */,
				D20A87762AEA4A8A006DCE8F /* AuthView.swift in Sources */,
				D21BB0102AE7A9DD00351B2E /* GithubAppApp.swift in Sources */,
			);
			runOnlyForDeploymentPostprocessing = 0;
		};
/* End PBXSourcesBuildPhase section */

/* Begin XCBuildConfiguration section */
		D21BB0182AE7A9DE00351B2E /* Debug */ = {
			isa = XCBuildConfiguration;
			buildSettings = {
				ALWAYS_SEARCH_USER_PATHS = NO;
				ASSETCATALOG_COMPILER_GENERATE_SWIFT_ASSET_SYMBOL_EXTENSIONS = YES;
				CLANG_ANALYZER_NONNULL = YES;
				CLANG_ANALYZER_NUMBER_OBJECT_CONVERSION = YES_AGGRESSIVE;
				CLANG_CXX_LANGUAGE_STANDARD = "gnu++20";
				CLANG_ENABLE_MODULES = YES;
				CLANG_ENABLE_OBJC_ARC = YES;
				CLANG_ENABLE_OBJC_WEAK = YES;
				CLANG_WARN_BLOCK_CAPTURE_AUTORELEASING = YES;
				CLANG_WARN_BOOL_CONVERSION = YES;
				CLANG_WARN_COMMA = YES;
				CLANG_WARN_CONSTANT_CONVERSION = YES;
				CLANG_WARN_DEPRECATED_OBJC_IMPLEMENTATIONS = YES;
				CLANG_WARN_DIRECT_OBJC_ISA_USAGE = YES_ERROR;
				CLANG_WARN_DOCUMENTATION_COMMENTS = YES;
				CLANG_WARN_EMPTY_BODY = YES;
				CLANG_WARN_ENUM_CONVERSION = YES;
				CLANG_WARN_INFINITE_RECURSION = YES;
				CLANG_WARN_INT_CONVERSION = YES;
				CLANG_WARN_NON_LITERAL_NULL_CONVERSION = YES;
				CLANG_WARN_OBJC_IMPLICIT_RETAIN_SELF = YES;
				CLANG_WARN_OBJC_LITERAL_CONVERSION = YES;
				CLANG_WARN_OBJC_ROOT_CLASS = YES_ERROR;
				CLANG_WARN_QUOTED_INCLUDE_IN_FRAMEWORK_HEADER = YES;
				CLANG_WARN_RANGE_LOOP_ANALYSIS = YES;
				CLANG_WARN_STRICT_PROTOTYPES = YES;
				CLANG_WARN_SUSPICIOUS_MOVE = YES;
				CLANG_WARN_UNGUARDED_AVAILABILITY = YES_AGGRESSIVE;
				CLANG_WARN_UNREACHABLE_CODE = YES;
				CLANG_WARN__DUPLICATE_METHOD_MATCH = YES;
				COPY_PHASE_STRIP = NO;
				DEBUG_INFORMATION_FORMAT = dwarf;
				ENABLE_STRICT_OBJC_MSGSEND = YES;
				ENABLE_TESTABILITY = YES;
				ENABLE_USER_SCRIPT_SANDBOXING = YES;
				GCC_C_LANGUAGE_STANDARD = gnu17;
				GCC_DYNAMIC_NO_PIC = NO;
				GCC_NO_COMMON_BLOCKS = YES;
				GCC_OPTIMIZATION_LEVEL = 0;
				GCC_PREPROCESSOR_DEFINITIONS = (
					"DEBUG=1",
					"$(inherited)",
				);
				GCC_WARN_64_TO_32_BIT_CONVERSION = YES;
				GCC_WARN_ABOUT_RETURN_TYPE = YES_ERROR;
				GCC_WARN_UNDECLARED_SELECTOR = YES;
				GCC_WARN_UNINITIALIZED_AUTOS = YES_AGGRESSIVE;
				GCC_WARN_UNUSED_FUNCTION = YES;
				GCC_WARN_UNUSED_VARIABLE = YES;
				IPHONEOS_DEPLOYMENT_TARGET = 17.0;
				LOCALIZATION_PREFERS_STRING_CATALOGS = YES;
				MTL_ENABLE_DEBUG_INFO = INCLUDE_SOURCE;
				MTL_FAST_MATH = YES;
				ONLY_ACTIVE_ARCH = YES;
				SDKROOT = iphoneos;
				SWIFT_ACTIVE_COMPILATION_CONDITIONS = "DEBUG $(inherited)";
				SWIFT_OPTIMIZATION_LEVEL = "-Onone";
			};
			name = Debug;
		};
		D21BB0192AE7A9DE00351B2E /* Release */ = {
			isa = XCBuildConfiguration;
			buildSettings = {
				ALWAYS_SEARCH_USER_PATHS = NO;
				ASSETCATALOG_COMPILER_GENERATE_SWIFT_ASSET_SYMBOL_EXTENSIONS = YES;
				CLANG_ANALYZER_NONNULL = YES;
				CLANG_ANALYZER_NUMBER_OBJECT_CONVERSION = YES_AGGRESSIVE;
				CLANG_CXX_LANGUAGE_STANDARD = "gnu++20";
				CLANG_ENABLE_MODULES = YES;
				CLANG_ENABLE_OBJC_ARC = YES;
				CLANG_ENABLE_OBJC_WEAK = YES;
				CLANG_WARN_BLOCK_CAPTURE_AUTORELEASING = YES;
				CLANG_WARN_BOOL_CONVERSION = YES;
				CLANG_WARN_COMMA = YES;
				CLANG_WARN_CONSTANT_CONVERSION = YES;
				CLANG_WARN_DEPRECATED_OBJC_IMPLEMENTATIONS = YES;
				CLANG_WARN_DIRECT_OBJC_ISA_USAGE = YES_ERROR;
				CLANG_WARN_DOCUMENTATION_COMMENTS = YES;
				CLANG_WARN_EMPTY_BODY = YES;
				CLANG_WARN_ENUM_CONVERSION = YES;
				CLANG_WARN_INFINITE_RECURSION = YES;
				CLANG_WARN_INT_CONVERSION = YES;
				CLANG_WARN_NON_LITERAL_NULL_CONVERSION = YES;
				CLANG_WARN_OBJC_IMPLICIT_RETAIN_SELF = YES;
				CLANG_WARN_OBJC_LITERAL_CONVERSION = YES;
				CLANG_WARN_OBJC_ROOT_CLASS = YES_ERROR;
				CLANG_WARN_QUOTED_INCLUDE_IN_FRAMEWORK_HEADER = YES;
				CLANG_WARN_RANGE_LOOP_ANALYSIS = YES;
				CLANG_WARN_STRICT_PROTOTYPES = YES;
				CLANG_WARN_SUSPICIOUS_MOVE = YES;
				CLANG_WARN_UNGUARDED_AVAILABILITY = YES_AGGRESSIVE;
				CLANG_WARN_UNREACHABLE_CODE = YES;
				CLANG_WARN__DUPLICATE_METHOD_MATCH = YES;
				COPY_PHASE_STRIP = NO;
				DEBUG_INFORMATION_FORMAT = "dwarf-with-dsym";
				ENABLE_NS_ASSERTIONS = NO;
				ENABLE_STRICT_OBJC_MSGSEND = YES;
				ENABLE_USER_SCRIPT_SANDBOXING = YES;
				GCC_C_LANGUAGE_STANDARD = gnu17;
				GCC_NO_COMMON_BLOCKS = YES;
				GCC_WARN_64_TO_32_BIT_CONVERSION = YES;
				GCC_WARN_ABOUT_RETURN_TYPE = YES_ERROR;
				GCC_WARN_UNDECLARED_SELECTOR = YES;
				GCC_WARN_UNINITIALIZED_AUTOS = YES_AGGRESSIVE;
				GCC_WARN_UNUSED_FUNCTION = YES;
				GCC_WARN_UNUSED_VARIABLE = YES;
				IPHONEOS_DEPLOYMENT_TARGET = 17.0;
				LOCALIZATION_PREFERS_STRING_CATALOGS = YES;
				MTL_ENABLE_DEBUG_INFO = NO;
				MTL_FAST_MATH = YES;
				SDKROOT = iphoneos;
				SWIFT_COMPILATION_MODE = wholemodule;
				VALIDATE_PRODUCT = YES;
			};
			name = Release;
		};
		D21BB01B2AE7A9DE00351B2E /* Debug */ = {
			isa = XCBuildConfiguration;
			buildSettings = {
				ASSETCATALOG_COMPILER_APPICON_NAME = AppIcon;
				ASSETCATALOG_COMPILER_GLOBAL_ACCENT_COLOR_NAME = AccentColor;
				CODE_SIGN_STYLE = Automatic;
				CURRENT_PROJECT_VERSION = 1;
				DEVELOPMENT_ASSET_PATHS = "\"GithubApp/Preview Content\"";
				DEVELOPMENT_TEAM = VL567NGX26;
				ENABLE_PREVIEWS = YES;
				GENERATE_INFOPLIST_FILE = YES;
				INFOPLIST_KEY_UIApplicationSceneManifest_Generation = YES;
				INFOPLIST_KEY_UIApplicationSupportsIndirectInputEvents = YES;
				INFOPLIST_KEY_UILaunchScreen_Generation = YES;
				INFOPLIST_KEY_UILaunchStoryboardName = "Launch Screen.storyboard";
				INFOPLIST_KEY_UISupportedInterfaceOrientations_iPad = "UIInterfaceOrientationPortrait UIInterfaceOrientationPortraitUpsideDown UIInterfaceOrientationLandscapeLeft UIInterfaceOrientationLandscapeRight";
				INFOPLIST_KEY_UISupportedInterfaceOrientations_iPhone = "UIInterfaceOrientationPortrait UIInterfaceOrientationLandscapeLeft UIInterfaceOrientationLandscapeRight";
				LD_RUNPATH_SEARCH_PATHS = (
					"$(inherited)",
					"@executable_path/Frameworks",
				);
				MARKETING_VERSION = 1.0;
				PRODUCT_BUNDLE_IDENTIFIER = com.Aljwhra.GithubApp;
				PRODUCT_NAME = "$(TARGET_NAME)";
				SWIFT_EMIT_LOC_STRINGS = YES;
				SWIFT_VERSION = 5.0;
				TARGETED_DEVICE_FAMILY = "1,2";
			};
			name = Debug;
		};
		D21BB01C2AE7A9DE00351B2E /* Release */ = {
			isa = XCBuildConfiguration;
			buildSettings = {
				ASSETCATALOG_COMPILER_APPICON_NAME = AppIcon;
				ASSETCATALOG_COMPILER_GLOBAL_ACCENT_COLOR_NAME = AccentColor;
				CODE_SIGN_STYLE = Automatic;
				CURRENT_PROJECT_VERSION = 1;
				DEVELOPMENT_ASSET_PATHS = "\"GithubApp/Preview Content\"";
				DEVELOPMENT_TEAM = VL567NGX26;
				ENABLE_PREVIEWS = YES;
				GENERATE_INFOPLIST_FILE = YES;
				INFOPLIST_KEY_UIApplicationSceneManifest_Generation = YES;
				INFOPLIST_KEY_UIApplicationSupportsIndirectInputEvents = YES;
				INFOPLIST_KEY_UILaunchScreen_Generation = YES;
				INFOPLIST_KEY_UILaunchStoryboardName = "Launch Screen.storyboard";
				INFOPLIST_KEY_UISupportedInterfaceOrientations_iPad = "UIInterfaceOrientationPortrait UIInterfaceOrientationPortraitUpsideDown UIInterfaceOrientationLandscapeLeft UIInterfaceOrientationLandscapeRight";
				INFOPLIST_KEY_UISupportedInterfaceOrientations_iPhone = "UIInterfaceOrientationPortrait UIInterfaceOrientationLandscapeLeft UIInterfaceOrientationLandscapeRight";
				LD_RUNPATH_SEARCH_PATHS = (
					"$(inherited)",
					"@executable_path/Frameworks",
				);
				MARKETING_VERSION = 1.0;
				PRODUCT_BUNDLE_IDENTIFIER = com.Aljwhra.GithubApp;
				PRODUCT_NAME = "$(TARGET_NAME)";
				SWIFT_EMIT_LOC_STRINGS = YES;
				SWIFT_VERSION = 5.0;
				TARGETED_DEVICE_FAMILY = "1,2";
			};
			name = Release;
		};
/* End XCBuildConfiguration section */

/* Begin XCConfigurationList section */
		D21BB0072AE7A9DD00351B2E /* Build configuration list for PBXProject "GithubApp" */ = {
			isa = XCConfigurationList;
			buildConfigurations = (
				D21BB0182AE7A9DE00351B2E /* Debug */,
				D21BB0192AE7A9DE00351B2E /* Release */,
			);
			defaultConfigurationIsVisible = 0;
			defaultConfigurationName = Release;
		};
		D21BB01A2AE7A9DE00351B2E /* Build configuration list for PBXNativeTarget "GithubApp" */ = {
			isa = XCConfigurationList;
			buildConfigurations = (
				D21BB01B2AE7A9DE00351B2E /* Debug */,
				D21BB01C2AE7A9DE00351B2E /* Release */,
			);
			defaultConfigurationIsVisible = 0;
			defaultConfigurationName = Release;
		};
/* End XCConfigurationList section */
	};
	rootObject = D21BB0042AE7A9DD00351B2E /* Project object */;
}
